
Microsoft Visual Studio Solution File, Format Version 12.00
# Visual Studio Version 17
VisualStudioVersion = 17.5.33530.505
MinimumVisualStudioVersion = 10.0.40219.1
Project("{FAE04EC0-301F-11D3-BF4B-00C04F79EFBC}") = "CloudwatchLogs", "CloudwatchLogs\CloudwatchLogs.csproj", "{6E6ABF79-3D83-4D52-9925-C8274ED781DF}"
EndProject
Global
	GlobalSection(SolutionConfigurationPlatforms) = preSolution
		Debug|Any CPU = Debug|Any CPU
		Release|Any CPU = Release|Any CPU
	EndGlobalSection
	GlobalSection(ProjectConfigurationPlatforms) = postSolution
		{6E6ABF79-3D83-4D52-9925-C8274ED781DF}.Debug|Any CPU.ActiveCfg = Debug|Any CPU
		{6E6ABF79-3D83-4D52-9925-C8274ED781DF}.Debug|Any CPU.Build.0 = Debug|Any CPU
		{6E6ABF79-3D83-4D52-9925-C8274ED781DF}.Release|Any CPU.ActiveCfg = Release|Any CPU
		{6E6ABF79-3D83-4D52-9925-C8274ED781DF}.Release|Any CPU.Build.0 = Release|Any CPU
	EndGlobalSection
	GlobalSection(SolutionProperties) = preSolution
		HideSolutionNode = FALSE
	EndGlobalSection
	GlobalSection(ExtensibilityGlobals) = postSolution
		SolutionGuid = {3EE0BD7A-9655-41AD-A6CC-2FE17D98FC23}
	EndGlobalSection
EndGlobal
