
Microsoft Visual Studio Solution File, Format Version 12.00
# Visual Studio Version 17
VisualStudioVersion = 17.5.33530.505
MinimumVisualStudioVersion = 10.0.40219.1
Project("{FAE04EC0-301F-11D3-BF4B-00C04F79EFBC}") = "CloudWatch-Logs", "CloudWatch-Logs\CloudWatch-Logs.csproj", "{33C49627-1540-45C7-8570-7D8513361D91}"
EndProject
Global
	GlobalSection(SolutionConfigurationPlatforms) = preSolution
		Debug|Any CPU = Debug|Any CPU
		Release|Any CPU = Release|Any CPU
	EndGlobalSection
	GlobalSection(ProjectConfigurationPlatforms) = postSolution
		{33C49627-1540-45C7-8570-7D8513361D91}.Debug|Any CPU.ActiveCfg = Debug|Any CPU
		{33C49627-1540-45C7-8570-7D8513361D91}.Debug|Any CPU.Build.0 = Debug|Any CPU
		{33C49627-1540-45C7-8570-7D8513361D91}.Release|Any CPU.ActiveCfg = Release|Any CPU
		{33C49627-1540-45C7-8570-7D8513361D91}.Release|Any CPU.Build.0 = Release|Any CPU
	EndGlobalSection
	GlobalSection(SolutionProperties) = preSolution
		HideSolutionNode = FALSE
	EndGlobalSection
	GlobalSection(ExtensibilityGlobals) = postSolution
		SolutionGuid = {B54B85E4-A189-49C3-94E8-DD5F56051C5A}
	EndGlobalSection
EndGlobal
